
Microsoft Visual Studio Solution File, Format Version 12.00
# Visual Studio Version 16
VisualStudioVersion = 16.0.30717.126
MinimumVisualStudioVersion = 10.0.40219.1
Project("{FAE04EC0-301F-11D3-BF4B-00C04F79EFBC}") = "DictionaryFirst", "DictionaryFirst.csproj", "{30FF454E-7139-4B9E-B18E-8D840BA1A19B}"
EndProject
Global
	GlobalSection(SolutionConfigurationPlatforms) = preSolution
		Debug|Any CPU = Debug|Any CPU
		Release|Any CPU = Release|Any CPU
	EndGlobalSection
	GlobalSection(ProjectConfigurationPlatforms) = postSolution
		{30FF454E-7139-4B9E-B18E-8D840BA1A19B}.Debug|Any CPU.ActiveCfg = Debug|Any CPU
		{30FF454E-7139-4B9E-B18E-8D840BA1A19B}.Debug|Any CPU.Build.0 = Debug|Any CPU
		{30FF454E-7139-4B9E-B18E-8D840BA1A19B}.Release|Any CPU.ActiveCfg = Release|Any CPU
		{30FF454E-7139-4B9E-B18E-8D840BA1A19B}.Release|Any CPU.Build.0 = Release|Any CPU
	EndGlobalSection
	GlobalSection(SolutionProperties) = preSolution
		HideSolutionNode = FALSE
	EndGlobalSection
	GlobalSection(ExtensibilityGlobals) = postSolution
		SolutionGuid = {12E2CD68-363B-4DA2-98E9-CB16CBA784CC}
	EndGlobalSection
EndGlobal
